<?xml version="1.0" encoding="utf-8"?>
<Project ToolsVersion="4.0" xmlns="http://schemas.microsoft.com/developer/msbuild/2003">
  <ItemGroup>
    <Filter Include="Source Files">
      <UniqueIdentifier>{4FC737F1-C7A5-4376-A066-2A32D752A2FF}</UniqueIdentifier>
      <Extensions>cpp;c;cc;cxx;def;odl;idl;hpj;bat;asm;asmx</Extensions>
    </Filter>
    <Filter Include="Header Files">
      <UniqueIdentifier>{93995380-89BD-4b04-88EB-625FBE52EBFB}</UniqueIdentifier>
      <Extensions>h;hpp;hxx;hm;inl;inc;xsd</Extensions>
    </Filter>
    <Filter Include="Resource Files">
      <UniqueIdentifier>{67DA6AB6-F800-4c08-8B7A-83BB121AAD01}</UniqueIdentifier>
      <Extensions>rc;ico;cur;bmp;dlg;rc2;rct;bin;rgs;gif;jpg;jpeg;jpe;resx;tiff;tif;png;wav;mfcribbon-ms</Extensions>
    </Filter>
    <Filter Include="Source Files\objects">
      <UniqueIdentifier>{3773c410-932d-4f11-976f-13605cde679c}</UniqueIdentifier>
    </Filter>
    <Filter Include="Header Files\objects">
      <UniqueIdentifier>{18432a3b-59cc-4eea-8278-555a5b8a3a96}</UniqueIdentifier>
    </Filter>
    <Filter Include="Source Files\lutok">
      <UniqueIdentifier>{e71abd7d-8e6f-443f-92a6-13ba2f0b1354}</UniqueIdentifier>
    </Filter>
    <Filter Include="Header Files\lutok">
      <UniqueIdentifier>{4079434e-e5ac-43b8-89b0-0b000f34a1f4}</UniqueIdentifier>
    </Filter>
  </ItemGroup>
  <ItemGroup>
    <ClCompile Include="main.cpp">
      <Filter>Source Files</Filter>
    </ClCompile>
    <ClCompile Include="basics.cpp">
      <Filter>Source Files</Filter>
    </ClCompile>
    <ClCompile Include="video.cpp">
      <Filter>Source Files</Filter>
    </ClCompile>
    <ClCompile Include="input.cpp">
      <Filter>Source Files</Filter>
    </ClCompile>
    <ClCompile Include="audio.cpp">
      <Filter>Source Files</Filter>
    </ClCompile>
    <ClCompile Include="threads.cpp">
      <Filter>Source Files</Filter>
    </ClCompile>
    <ClCompile Include="timers.cpp">
      <Filter>Source Files</Filter>
    </ClCompile>
    <ClCompile Include="file.cpp">
      <Filter>Source Files</Filter>
    </ClCompile>
    <ClCompile Include="platform.cpp">
      <Filter>Source Files</Filter>
    </ClCompile>
    <ClCompile Include="power.cpp">
      <Filter>Source Files</Filter>
    </ClCompile>
    <ClCompile Include="constants.cpp">
      <Filter>Source Files</Filter>
    </ClCompile>
    <ClCompile Include="objects\window.cpp">
      <Filter>Source Files\objects</Filter>
    </ClCompile>
    <ClCompile Include="..\..\..\..\..\..\..\projects\Visual Studio 2012\lutok\lutok\c_gate.cpp">
      <Filter>Source Files\lutok</Filter>
    </ClCompile>
    <ClCompile Include="..\..\..\..\..\..\..\projects\Visual Studio 2012\lutok\lutok\debug.cpp">
      <Filter>Source Files\lutok</Filter>
    </ClCompile>
    <ClCompile Include="..\..\..\..\..\..\..\projects\Visual Studio 2012\lutok\lutok\exceptions.cpp">
      <Filter>Source Files\lutok</Filter>
    </ClCompile>
    <ClCompile Include="..\..\..\..\..\..\..\projects\Visual Studio 2012\lutok\lutok\operations.cpp">
      <Filter>Source Files\lutok</Filter>
    </ClCompile>
    <ClCompile Include="..\..\..\..\..\..\..\projects\Visual Studio 2012\lutok\lutok\stack_cleaner.cpp">
      <Filter>Source Files\lutok</Filter>
    </ClCompile>
    <ClCompile Include="..\..\..\..\..\..\..\projects\Visual Studio 2012\lutok\lutok\state.cpp">
      <Filter>Source Files\lutok</Filter>
    </ClCompile>
    <ClCompile Include="gl_context.cpp">
      <Filter>Source Files\objects</Filter>
    </ClCompile>
    <ClCompile Include="objects\displaymode.cpp">
      <Filter>Source Files\objects</Filter>
    </ClCompile>
    <ClCompile Include="objects\rect.cpp">
      <Filter>Source Files\objects</Filter>
    </ClCompile>
    <ClCompile Include="objects\surface.cpp">
      <Filter>Source Files\objects</Filter>
    </ClCompile>
    <ClCompile Include="objects\pixelformat.cpp">
      <Filter>Source Files\lutok</Filter>
    </ClCompile>
    <ClCompile Include="objects\event.cpp">
      <Filter>Source Files\objects</Filter>
    </ClCompile>
    <ClCompile Include="objects\cursor.cpp">
      <Filter>Source Files\objects</Filter>
    </ClCompile>
    <ClCompile Include="objects\joystick.cpp">
      <Filter>Source Files\objects</Filter>
    </ClCompile>
    <ClCompile Include="objects\gamecontroller.cpp">
      <Filter>Source Files\objects</Filter>
    </ClCompile>
  </ItemGroup>
  <ItemGroup>
    <ClInclude Include="common.hpp">
      <Filter>Header Files</Filter>
    </ClInclude>
    <ClInclude Include="objects\window.hpp">
      <Filter>Header Files\objects</Filter>
    </ClInclude>
    <ClInclude Include="..\..\..\..\..\..\..\projects\Visual Studio 2012\lutok\lutok\c_gate.hpp">
      <Filter>Header Files\lutok</Filter>
    </ClInclude>
    <ClInclude Include="..\..\..\..\..\..\..\projects\Visual Studio 2012\lutok\lutok\debug.hpp">
      <Filter>Header Files\lutok</Filter>
    </ClInclude>
    <ClInclude Include="..\..\..\..\..\..\..\projects\Visual Studio 2012\lutok\lutok\exceptions.hpp">
      <Filter>Header Files\lutok</Filter>
    </ClInclude>
    <ClInclude Include="..\..\..\..\..\..\..\projects\Visual Studio 2012\lutok\lutok\export.hpp">
      <Filter>Header Files\lutok</Filter>
    </ClInclude>
    <ClInclude Include="..\..\..\..\..\..\..\projects\Visual Studio 2012\lutok\lutok\operations.hpp">
      <Filter>Header Files\lutok</Filter>
    </ClInclude>
    <ClInclude Include="..\..\..\..\..\..\..\projects\Visual Studio 2012\lutok\lutok\stack_cleaner.hpp">
      <Filter>Header Files\lutok</Filter>
    </ClInclude>
    <ClInclude Include="..\..\..\..\..\..\..\projects\Visual Studio 2012\lutok\lutok\state.hpp">
      <Filter>Header Files\lutok</Filter>
    </ClInclude>
    <ClInclude Include="..\..\..\..\..\..\..\projects\Visual Studio 2012\lutok\lutok\luna.hpp">
      <Filter>Header Files\lutok</Filter>
    </ClInclude>
    <ClInclude Include="..\..\..\..\..\..\..\projects\Visual Studio 2012\lutok\lutok\lobject.hpp">
      <Filter>Header Files\lutok</Filter>
    </ClInclude>
    <ClInclude Include="objects\gl_context.hpp">
      <Filter>Header Files\objects</Filter>
    </ClInclude>
    <ClInclude Include="objects\displaymode.hpp">
      <Filter>Header Files\objects</Filter>
    </ClInclude>
    <ClInclude Include="objects\rect.hpp">
      <Filter>Header Files\objects</Filter>
    </ClInclude>
    <ClInclude Include="objects\surface.hpp">
      <Filter>Header Files\objects</Filter>
    </ClInclude>
    <ClInclude Include="objects\pixelformat.hpp">
      <Filter>Header Files\objects</Filter>
    </ClInclude>
    <ClInclude Include="objects\event.hpp">
      <Filter>Header Files\objects</Filter>
    </ClInclude>
    <ClInclude Include="objects\cursor.hpp">
      <Filter>Header Files\objects</Filter>
    </ClInclude>
    <ClInclude Include="objects\joystick.hpp">
      <Filter>Header Files\objects</Filter>
    </ClInclude>
    <ClInclude Include="objects\gamecontroller.hpp">
      <Filter>Header Files\objects</Filter>
    </ClInclude>
  </ItemGroup>
</Project>